
Microsoft Visual Studio Solution File, Format Version 12.00
# Visual Studio Version 16
VisualStudioVersion = 16.0.30907.101
MinimumVisualStudioVersion = 10.0.40219.1
Project("{FAE04EC0-301F-11D3-BF4B-00C04F79EFBC}") = "CodeCarros", "CodeCarros\CodeCarros.csproj", "{7997DCB0-CCBC-450A-BF0A-DCE4EFED7047}"
EndProject
Global
	GlobalSection(SolutionConfigurationPlatforms) = preSolution
		Debug|Any CPU = Debug|Any CPU
		Release|Any CPU = Release|Any CPU
	EndGlobalSection
	GlobalSection(ProjectConfigurationPlatforms) = postSolution
		{7997DCB0-CCBC-450A-BF0A-DCE4EFED7047}.Debug|Any CPU.ActiveCfg = Debug|Any CPU
		{7997DCB0-CCBC-450A-BF0A-DCE4EFED7047}.Debug|Any CPU.Build.0 = Debug|Any CPU
		{7997DCB0-CCBC-450A-BF0A-DCE4EFED7047}.Release|Any CPU.ActiveCfg = Release|Any CPU
		{7997DCB0-CCBC-450A-BF0A-DCE4EFED7047}.Release|Any CPU.Build.0 = Release|Any CPU
	EndGlobalSection
	GlobalSection(SolutionProperties) = preSolution
		HideSolutionNode = FALSE
	EndGlobalSection
	GlobalSection(ExtensibilityGlobals) = postSolution
		SolutionGuid = {EF8700C5-1B51-4F6C-B10B-52B23A0DEB2B}
	EndGlobalSection
EndGlobal
